
Microsoft Visual Studio Solution File, Format Version 12.00
# Visual Studio 2012
Project("{FAE04EC0-301F-11D3-BF4B-00C04F79EFBC}") = "FixedLengthCollection", "FixedLengthCollection\FixedLengthCollection.csproj", "{2A4AC2EF-5DC7-47B0-8032-2CFD4B1BA65A}"
EndProject
Project("{FAE04EC0-301F-11D3-BF4B-00C04F79EFBC}") = "FixedLengthCollection.Test", "FixedLengthCollection.Test\FixedLengthCollection.Test.csproj", "{C7377023-1246-40AB-9082-7D5637703EA1}"
EndProject
Global
	GlobalSection(SolutionConfigurationPlatforms) = preSolution
		Debug|Any CPU = Debug|Any CPU
		Release|Any CPU = Release|Any CPU
	EndGlobalSection
	GlobalSection(ProjectConfigurationPlatforms) = postSolution
		{2A4AC2EF-5DC7-47B0-8032-2CFD4B1BA65A}.Debug|Any CPU.ActiveCfg = Debug|Any CPU
		{2A4AC2EF-5DC7-47B0-8032-2CFD4B1BA65A}.Debug|Any CPU.Build.0 = Debug|Any CPU
		{2A4AC2EF-5DC7-47B0-8032-2CFD4B1BA65A}.Release|Any CPU.ActiveCfg = Release|Any CPU
		{2A4AC2EF-5DC7-47B0-8032-2CFD4B1BA65A}.Release|Any CPU.Build.0 = Release|Any CPU
		{C7377023-1246-40AB-9082-7D5637703EA1}.Debug|Any CPU.ActiveCfg = Debug|Any CPU
		{C7377023-1246-40AB-9082-7D5637703EA1}.Debug|Any CPU.Build.0 = Debug|Any CPU
		{C7377023-1246-40AB-9082-7D5637703EA1}.Release|Any CPU.ActiveCfg = Release|Any CPU
		{C7377023-1246-40AB-9082-7D5637703EA1}.Release|Any CPU.Build.0 = Release|Any CPU
	EndGlobalSection
	GlobalSection(SolutionProperties) = preSolution
		HideSolutionNode = FALSE
	EndGlobalSection
EndGlobal
